// !$*UTF8*$!
{
	archiveVersion = 1;
	classes = {
	};
	objectVersion = 46;
	objects = {

/* Begin PBXBuildFile section */
		6AE5E2B6DF793349C3799568 /* libPods-ACYTableViewWrapper.a in Frameworks */ = {isa = PBXBuildFile; fileRef = 2D3BC86715D899877EB91E9E /* libPods-ACYTableViewWrapper.a */; };
		CA9C88FE1E62B30900D3FE2A /* main.m in Sources */ = {isa = PBXBuildFile; fileRef = CA9C88FD1E62B30900D3FE2A /* main.m */; };
		CA9C89011E62B30900D3FE2A /* AppDelegate.m in Sources */ = {isa = PBXBuildFile; fileRef = CA9C89001E62B30900D3FE2A /* AppDelegate.m */; };
		CA9C89071E62B30900D3FE2A /* Main.storyboard in Resources */ = {isa = PBXBuildFile; fileRef = CA9C89051E62B30900D3FE2A /* Main.storyboard */; };
		CA9C89091E62B30900D3FE2A /* Assets.xcassets in Resources */ = {isa = PBXBuildFile; fileRef = CA9C89081E62B30900D3FE2A /* Assets.xcassets */; };
		CA9C890C1E62B30900D3FE2A /* LaunchScreen.storyboard in Resources */ = {isa = PBXBuildFile; fileRef = CA9C890A1E62B30900D3FE2A /* LaunchScreen.storyboard */; };
		CA9C89171E62B30900D3FE2A /* ACYTableViewWrapperTests.m in Sources */ = {isa = PBXBuildFile; fileRef = CA9C89161E62B30900D3FE2A /* ACYTableViewWrapperTests.m */; };
		CA9C89221E62B30900D3FE2A /* ACYTableViewWrapperUITests.m in Sources */ = {isa = PBXBuildFile; fileRef = CA9C89211E62B30900D3FE2A /* ACYTableViewWrapperUITests.m */; };
		CA9C89411E62B3C400D3FE2A /* ACYBaseViewController.m in Sources */ = {isa = PBXBuildFile; fileRef = CA9C89311E62B3C400D3FE2A /* ACYBaseViewController.m */; };
		CA9C89421E62B3C400D3FE2A /* ACYNode.m in Sources */ = {isa = PBXBuildFile; fileRef = CA9C89331E62B3C400D3FE2A /* ACYNode.m */; };
		CA9C89431E62B3C400D3FE2A /* ACYTableRow.m in Sources */ = {isa = PBXBuildFile; fileRef = CA9C89351E62B3C400D3FE2A /* ACYTableRow.m */; };
		CA9C89441E62B3C400D3FE2A /* ACYTableSection.m in Sources */ = {isa = PBXBuildFile; fileRef = CA9C89371E62B3C400D3FE2A /* ACYTableSection.m */; };
		CA9C89451E62B3C400D3FE2A /* ACYTableView.m in Sources */ = {isa = PBXBuildFile; fileRef = CA9C89391E62B3C400D3FE2A /* ACYTableView.m */; };
		CA9C89461E62B3C400D3FE2A /* ACYTableViewController.m in Sources */ = {isa = PBXBuildFile; fileRef = CA9C893B1E62B3C400D3FE2A /* ACYTableViewController.m */; };
		CA9C89471E62B3C400D3FE2A /* ACYTableViewDataSource.m in Sources */ = {isa = PBXBuildFile; fileRef = CA9C893D1E62B3C400D3FE2A /* ACYTableViewDataSource.m */; };
		CA9C89481E62B3C400D3FE2A /* ACYTableViewDelegateProxy.m in Sources */ = {isa = PBXBuildFile; fileRef = CA9C893F1E62B3C400D3FE2A /* ACYTableViewDelegateProxy.m */; };
		CA9C89501E62B3CD00D3FE2A /* AnotherDemoTableRow.m in Sources */ = {isa = PBXBuildFile; fileRef = CA9C894B1E62B3CD00D3FE2A /* AnotherDemoTableRow.m */; };
		CA9C89511E62B3CD00D3FE2A /* DemoTableRow.m in Sources */ = {isa = PBXBuildFile; fileRef = CA9C894D1E62B3CD00D3FE2A /* DemoTableRow.m */; };
		CA9C89521E62B3CD00D3FE2A /* DemoViewController.m in Sources */ = {isa = PBXBuildFile; fileRef = CA9C894F1E62B3CD00D3FE2A /* DemoViewController.m */; };
/* End PBXBuildFile section */

/* Begin PBXContainerItemProxy section */
		CA9C89131E62B30900D3FE2A /* PBXContainerItemProxy */ = {
			isa = PBXContainerItemProxy;
			containerPortal = CA9C88F11E62B30900D3FE2A /* Project object */;
			proxyType = 1;
			remoteGlobalIDString = CA9C88F81E62B30900D3FE2A;
			remoteInfo = ACYTableViewWrapper;
		};
		CA9C891E1E62B30900D3FE2A /* PBXContainerItemProxy */ = {
			isa = PBXContainerItemProxy;
			containerPortal = CA9C88F11E62B30900D3FE2A /* Project object */;
			proxyType = 1;
			remoteGlobalIDString = CA9C88F81E62B30900D3FE2A;
			remoteInfo = ACYTableViewWrapper;
		};
/* End PBXContainerItemProxy section */

/* Begin PBXFileReference section */
		2D3BC86715D899877EB91E9E /* libPods-ACYTableViewWrapper.a */ = {isa = PBXFileReference; explicitFileType = archive.ar; includeInIndex = 0; path = "libPods-ACYTableViewWrapper.a"; sourceTree = BUILT_PRODUCTS_DIR; };
		782EF932B2C219D41EFDC017 /* Pods-ACYTableViewWrapper.release.xcconfig */ = {isa = PBXFileReference; includeInIndex = 1; lastKnownFileType = text.xcconfig; name = "Pods-ACYTableViewWrapper.release.xcconfig"; path = "Pods/Target Support Files/Pods-ACYTableViewWrapper/Pods-ACYTableViewWrapper.release.xcconfig"; sourceTree = "<group>"; };
		BFC26D4E9C23AD0636DCCD0B /* Pods-ACYTableViewWrapper.debug.xcconfig */ = {isa = PBXFileReference; includeInIndex = 1; lastKnownFileType = text.xcconfig; name = "Pods-ACYTableViewWrapper.debug.xcconfig"; path = "Pods/Target Support Files/Pods-ACYTableViewWrapper/Pods-ACYTableViewWrapper.debug.xcconfig"; sourceTree = "<group>"; };
		CA9C88F91E62B30900D3FE2A /* ACYTableViewWrapper.app */ = {isa = PBXFileReference; explicitFileType = wrapper.application; includeInIndex = 0; path = ACYTableViewWrapper.app; sourceTree = BUILT_PRODUCTS_DIR; };
		CA9C88FD1E62B30900D3FE2A /* main.m */ = {isa = PBXFileReference; lastKnownFileType = sourcecode.c.objc; path = main.m; sourceTree = "<group>"; };
		CA9C88FF1E62B30900D3FE2A /* AppDelegate.h */ = {isa = PBXFileReference; lastKnownFileType = sourcecode.c.h; path = AppDelegate.h; sourceTree = "<group>"; };
		CA9C89001E62B30900D3FE2A /* AppDelegate.m */ = {isa = PBXFileReference; lastKnownFileType = sourcecode.c.objc; path = AppDelegate.m; sourceTree = "<group>"; };
		CA9C89061E62B30900D3FE2A /* Base */ = {isa = PBXFileReference; lastKnownFileType = file.storyboard; name = Base; path = Base.lproj/Main.storyboard; sourceTree = "<group>"; };
		CA9C89081E62B30900D3FE2A /* Assets.xcassets */ = {isa = PBXFileReference; lastKnownFileType = folder.assetcatalog; path = Assets.xcassets; sourceTree = "<group>"; };
		CA9C890B1E62B30900D3FE2A /* Base */ = {isa = PBXFileReference; lastKnownFileType = file.storyboard; name = Base; path = Base.lproj/LaunchScreen.storyboard; sourceTree = "<group>"; };
		CA9C890D1E62B30900D3FE2A /* Info.plist */ = {isa = PBXFileReference; lastKnownFileType = text.plist.xml; path = Info.plist; sourceTree = "<group>"; };
		CA9C89121E62B30900D3FE2A /* ACYTableViewWrapperTests.xctest */ = {isa = PBXFileReference; explicitFileType = wrapper.cfbundle; includeInIndex = 0; path = ACYTableViewWrapperTests.xctest; sourceTree = BUILT_PRODUCTS_DIR; };
		CA9C89161E62B30900D3FE2A /* ACYTableViewWrapperTests.m */ = {isa = PBXFileReference; lastKnownFileType = sourcecode.c.objc; path = ACYTableViewWrapperTests.m; sourceTree = "<group>"; };
		CA9C89181E62B30900D3FE2A /* Info.plist */ = {isa = PBXFileReference; lastKnownFileType = text.plist.xml; path = Info.plist; sourceTree = "<group>"; };
		CA9C891D1E62B30900D3FE2A /* ACYTableViewWrapperUITests.xctest */ = {isa = PBXFileReference; explicitFileType = wrapper.cfbundle; includeInIndex = 0; path = ACYTableViewWrapperUITests.xctest; sourceTree = BUILT_PRODUCTS_DIR; };
		CA9C89211E62B30900D3FE2A /* ACYTableViewWrapperUITests.m */ = {isa = PBXFileReference; lastKnownFileType = sourcecode.c.objc; path = ACYTableViewWrapperUITests.m; sourceTree = "<group>"; };
		CA9C89231E62B30900D3FE2A /* Info.plist */ = {isa = PBXFileReference; lastKnownFileType = text.plist.xml; path = Info.plist; sourceTree = "<group>"; };
		CA9C89301E62B3C400D3FE2A /* ACYBaseViewController.h */ = {isa = PBXFileReference; fileEncoding = 4; lastKnownFileType = sourcecode.c.h; path = ACYBaseViewController.h; sourceTree = "<group>"; };
		CA9C89311E62B3C400D3FE2A /* ACYBaseViewController.m */ = {isa = PBXFileReference; fileEncoding = 4; lastKnownFileType = sourcecode.c.objc; path = ACYBaseViewController.m; sourceTree = "<group>"; };
		CA9C89321E62B3C400D3FE2A /* ACYNode.h */ = {isa = PBXFileReference; fileEncoding = 4; lastKnownFileType = sourcecode.c.h; path = ACYNode.h; sourceTree = "<group>"; };
		CA9C89331E62B3C400D3FE2A /* ACYNode.m */ = {isa = PBXFileReference; fileEncoding = 4; lastKnownFileType = sourcecode.c.objc; path = ACYNode.m; sourceTree = "<group>"; };
		CA9C89341E62B3C400D3FE2A /* ACYTableRow.h */ = {isa = PBXFileReference; fileEncoding = 4; lastKnownFileType = sourcecode.c.h; path = ACYTableRow.h; sourceTree = "<group>"; };
		CA9C89351E62B3C400D3FE2A /* ACYTableRow.m */ = {isa = PBXFileReference; fileEncoding = 4; lastKnownFileType = sourcecode.c.objc; path = ACYTableRow.m; sourceTree = "<group>"; };
		CA9C89361E62B3C400D3FE2A /* ACYTableSection.h */ = {isa = PBXFileReference; fileEncoding = 4; lastKnownFileType = sourcecode.c.h; path = ACYTableSection.h; sourceTree = "<group>"; };
		CA9C89371E62B3C400D3FE2A /* ACYTableSection.m */ = {isa = PBXFileReference; fileEncoding = 4; lastKnownFileType = sourcecode.c.objc; path = ACYTableSection.m; sourceTree = "<group>"; };
		CA9C89381E62B3C400D3FE2A /* ACYTableView.h */ = {isa = PBXFileReference; fileEncoding = 4; lastKnownFileType = sourcecode.c.h; path = ACYTableView.h; sourceTree = "<group>"; };
		CA9C89391E62B3C400D3FE2A /* ACYTableView.m */ = {isa = PBXFileReference; fileEncoding = 4; lastKnownFileType = sourcecode.c.objc; path = ACYTableView.m; sourceTree = "<group>"; };
		CA9C893A1E62B3C400D3FE2A /* ACYTableViewController.h */ = {isa = PBXFileReference; fileEncoding = 4; lastKnownFileType = sourcecode.c.h; path = ACYTableViewController.h; sourceTree = "<group>"; };
		CA9C893B1E62B3C400D3FE2A /* ACYTableViewController.m */ = {isa = PBXFileReference; fileEncoding = 4; lastKnownFileType = sourcecode.c.objc; path = ACYTableViewController.m; sourceTree = "<group>"; };
		CA9C893C1E62B3C400D3FE2A /* ACYTableViewDataSource.h */ = {isa = PBXFileReference; fileEncoding = 4; lastKnownFileType = sourcecode.c.h; path = ACYTableViewDataSource.h; sourceTree = "<group>"; };
		CA9C893D1E62B3C400D3FE2A /* ACYTableViewDataSource.m */ = {isa = PBXFileReference; fileEncoding = 4; lastKnownFileType = sourcecode.c.objc; path = ACYTableViewDataSource.m; sourceTree = "<group>"; };
		CA9C893E1E62B3C400D3FE2A /* ACYTableViewDelegateProxy.h */ = {isa = PBXFileReference; fileEncoding = 4; lastKnownFileType = sourcecode.c.h; path = ACYTableViewDelegateProxy.h; sourceTree = "<group>"; };
		CA9C893F1E62B3C400D3FE2A /* ACYTableViewDelegateProxy.m */ = {isa = PBXFileReference; fileEncoding = 4; lastKnownFileType = sourcecode.c.objc; path = ACYTableViewDelegateProxy.m; sourceTree = "<group>"; };
		CA9C89401E62B3C400D3FE2A /* ACYTableViewWrapper.h */ = {isa = PBXFileReference; fileEncoding = 4; lastKnownFileType = sourcecode.c.h; path = ACYTableViewWrapper.h; sourceTree = "<group>"; };
		CA9C894A1E62B3CD00D3FE2A /* AnotherDemoTableRow.h */ = {isa = PBXFileReference; fileEncoding = 4; lastKnownFileType = sourcecode.c.h; path = AnotherDemoTableRow.h; sourceTree = "<group>"; };
		CA9C894B1E62B3CD00D3FE2A /* AnotherDemoTableRow.m */ = {isa = PBXFileReference; fileEncoding = 4; lastKnownFileType = sourcecode.c.objc; path = AnotherDemoTableRow.m; sourceTree = "<group>"; };
		CA9C894C1E62B3CD00D3FE2A /* DemoTableRow.h */ = {isa = PBXFileReference; fileEncoding = 4; lastKnownFileType = sourcecode.c.h; path = DemoTableRow.h; sourceTree = "<group>"; };
		CA9C894D1E62B3CD00D3FE2A /* DemoTableRow.m */ = {isa = PBXFileReference; fileEncoding = 4; lastKnownFileType = sourcecode.c.objc; path = DemoTableRow.m; sourceTree = "<group>"; };
		CA9C894E1E62B3CD00D3FE2A /* DemoViewController.h */ = {isa = PBXFileReference; fileEncoding = 4; lastKnownFileType = sourcecode.c.h; path = DemoViewController.h; sourceTree = "<group>"; };
		CA9C894F1E62B3CD00D3FE2A /* DemoViewController.m */ = {isa = PBXFileReference; fileEncoding = 4; lastKnownFileType = sourcecode.c.objc; path = DemoViewController.m; sourceTree = "<group>"; };
/* End PBXFileReference section */

/* Begin PBXFrameworksBuildPhase section */
		CA9C88F61E62B30900D3FE2A /* Frameworks */ = {
			isa = PBXFrameworksBuildPhase;
			buildActionMask = 2147483647;
			files = (
				6AE5E2B6DF793349C3799568 /* libPods-ACYTableViewWrapper.a in Frameworks */,
			);
			runOnlyForDeploymentPostprocessing = 0;
		};
		CA9C890F1E62B30900D3FE2A /* Frameworks */ = {
			isa = PBXFrameworksBuildPhase;
			buildActionMask = 2147483647;
			files = (
			);
			runOnlyForDeploymentPostprocessing = 0;
		};
		CA9C891A1E62B30900D3FE2A /* Frameworks */ = {
			isa = PBXFrameworksBuildPhase;
			buildActionMask = 2147483647;
			files = (
			);
			runOnlyForDeploymentPostprocessing = 0;
		};
/* End PBXFrameworksBuildPhase section */

/* Begin PBXGroup section */
		40383C5A372792472803F940 /* Pods */ = {
			isa = PBXGroup;
			children = (
				BFC26D4E9C23AD0636DCCD0B /* Pods-ACYTableViewWrapper.debug.xcconfig */,
				782EF932B2C219D41EFDC017 /* Pods-ACYTableViewWrapper.release.xcconfig */,
			);
			name = Pods;
			sourceTree = "<group>";
		};
		CA9C88F01E62B30900D3FE2A = {
			isa = PBXGroup;
			children = (
				CA9C88FB1E62B30900D3FE2A /* ACYTableViewWrapper */,
				CA9C89151E62B30900D3FE2A /* ACYTableViewWrapperTests */,
				CA9C89201E62B30900D3FE2A /* ACYTableViewWrapperUITests */,
				CA9C88FA1E62B30900D3FE2A /* Products */,
				40383C5A372792472803F940 /* Pods */,
				FD2A3EBE4E045B89C01C318A /* Frameworks */,
			);
			sourceTree = "<group>";
		};
		CA9C88FA1E62B30900D3FE2A /* Products */ = {
			isa = PBXGroup;
			children = (
				CA9C88F91E62B30900D3FE2A /* ACYTableViewWrapper.app */,
				CA9C89121E62B30900D3FE2A /* ACYTableViewWrapperTests.xctest */,
				CA9C891D1E62B30900D3FE2A /* ACYTableViewWrapperUITests.xctest */,
			);
			name = Products;
			sourceTree = "<group>";
		};
		CA9C88FB1E62B30900D3FE2A /* ACYTableViewWrapper */ = {
			isa = PBXGroup;
			children = (
				CA9C89491E62B3CD00D3FE2A /* Demo */,
				CA9C892F1E62B3C400D3FE2A /* Classes */,
				CA9C88FF1E62B30900D3FE2A /* AppDelegate.h */,
				CA9C89001E62B30900D3FE2A /* AppDelegate.m */,
				CA9C89051E62B30900D3FE2A /* Main.storyboard */,
				CA9C89081E62B30900D3FE2A /* Assets.xcassets */,
				CA9C890A1E62B30900D3FE2A /* LaunchScreen.storyboard */,
				CA9C890D1E62B30900D3FE2A /* Info.plist */,
				CA9C88FC1E62B30900D3FE2A /* Supporting Files */,
			);
			path = ACYTableViewWrapper;
			sourceTree = "<group>";
		};
		CA9C88FC1E62B30900D3FE2A /* Supporting Files */ = {
			isa = PBXGroup;
			children = (
				CA9C88FD1E62B30900D3FE2A /* main.m */,
			);
			name = "Supporting Files";
			sourceTree = "<group>";
		};
		CA9C89151E62B30900D3FE2A /* ACYTableViewWrapperTests */ = {
			isa = PBXGroup;
			children = (
				CA9C89161E62B30900D3FE2A /* ACYTableViewWrapperTests.m */,
				CA9C89181E62B30900D3FE2A /* Info.plist */,
			);
			path = ACYTableViewWrapperTests;
			sourceTree = "<group>";
		};
		CA9C89201E62B30900D3FE2A /* ACYTableViewWrapperUITests */ = {
			isa = PBXGroup;
			children = (
				CA9C89211E62B30900D3FE2A /* ACYTableViewWrapperUITests.m */,
				CA9C89231E62B30900D3FE2A /* Info.plist */,
			);
			path = ACYTableViewWrapperUITests;
			sourceTree = "<group>";
		};
		CA9C892F1E62B3C400D3FE2A /* Classes */ = {
			isa = PBXGroup;
			children = (
				CA9C89401E62B3C400D3FE2A /* ACYTableViewWrapper.h */,
				CA9C89301E62B3C400D3FE2A /* ACYBaseViewController.h */,
				CA9C89311E62B3C400D3FE2A /* ACYBaseViewController.m */,
				CA9C893A1E62B3C400D3FE2A /* ACYTableViewController.h */,
				CA9C893B1E62B3C400D3FE2A /* ACYTableViewController.m */,
				CA9C89381E62B3C400D3FE2A /* ACYTableView.h */,
				CA9C89391E62B3C400D3FE2A /* ACYTableView.m */,
				CA9C89321E62B3C400D3FE2A /* ACYNode.h */,
				CA9C89331E62B3C400D3FE2A /* ACYNode.m */,
				CA9C89341E62B3C400D3FE2A /* ACYTableRow.h */,
				CA9C89351E62B3C400D3FE2A /* ACYTableRow.m */,
				CA9C89361E62B3C400D3FE2A /* ACYTableSection.h */,
				CA9C89371E62B3C400D3FE2A /* ACYTableSection.m */,
				CA9C893C1E62B3C400D3FE2A /* ACYTableViewDataSource.h */,
				CA9C893D1E62B3C400D3FE2A /* ACYTableViewDataSource.m */,
				CA9C893E1E62B3C400D3FE2A /* ACYTableViewDelegateProxy.h */,
				CA9C893F1E62B3C400D3FE2A /* ACYTableViewDelegateProxy.m */,
			);
			path = Classes;
			sourceTree = "<group>";
		};
		CA9C89491E62B3CD00D3FE2A /* Demo */ = {
			isa = PBXGroup;
			children = (
				CA9C894A1E62B3CD00D3FE2A /* AnotherDemoTableRow.h */,
				CA9C894B1E62B3CD00D3FE2A /* AnotherDemoTableRow.m */,
				CA9C894C1E62B3CD00D3FE2A /* DemoTableRow.h */,
				CA9C894D1E62B3CD00D3FE2A /* DemoTableRow.m */,
				CA9C894E1E62B3CD00D3FE2A /* DemoViewController.h */,
				CA9C894F1E62B3CD00D3FE2A /* DemoViewController.m */,
			);
			path = Demo;
			sourceTree = "<group>";
		};
		FD2A3EBE4E045B89C01C318A /* Frameworks */ = {
			isa = PBXGroup;
			children = (
				2D3BC86715D899877EB91E9E /* libPods-ACYTableViewWrapper.a */,
			);
			name = Frameworks;
			sourceTree = "<group>";
		};
/* End PBXGroup section */

/* Begin PBXNativeTarget section */
		CA9C88F81E62B30900D3FE2A /* ACYTableViewWrapper */ = {
			isa = PBXNativeTarget;
			buildConfigurationList = CA9C89261E62B30900D3FE2A /* Build configuration list for PBXNativeTarget "ACYTableViewWrapper" */;
			buildPhases = (
				4DC96701AF211479A2C948F2 /* [CP] Check Pods Manifest.lock */,
				CA9C88F51E62B30900D3FE2A /* Sources */,
				CA9C88F61E62B30900D3FE2A /* Frameworks */,
				CA9C88F71E62B30900D3FE2A /* Resources */,
				988E49FB32789CCE2771D031 /* [CP] Embed Pods Frameworks */,
				D96164446C5936A2213621D9 /* [CP] Copy Pods Resources */,
			);
			buildRules = (
			);
			dependencies = (
			);
			name = ACYTableViewWrapper;
			productName = ACYTableViewWrapper;
			productReference = CA9C88F91E62B30900D3FE2A /* ACYTableViewWrapper.app */;
			productType = "com.apple.product-type.application";
		};
		CA9C89111E62B30900D3FE2A /* ACYTableViewWrapperTests */ = {
			isa = PBXNativeTarget;
			buildConfigurationList = CA9C89291E62B30900D3FE2A /* Build configuration list for PBXNativeTarget "ACYTableViewWrapperTests" */;
			buildPhases = (
				CA9C890E1E62B30900D3FE2A /* Sources */,
				CA9C890F1E62B30900D3FE2A /* Frameworks */,
				CA9C89101E62B30900D3FE2A /* Resources */,
			);
			buildRules = (
			);
			dependencies = (
				CA9C89141E62B30900D3FE2A /* PBXTargetDependency */,
			);
			name = ACYTableViewWrapperTests;
			productName = ACYTableViewWrapperTests;
			productReference = CA9C89121E62B30900D3FE2A /* ACYTableViewWrapperTests.xctest */;
			productType = "com.apple.product-type.bundle.unit-test";
		};
		CA9C891C1E62B30900D3FE2A /* ACYTableViewWrapperUITests */ = {
			isa = PBXNativeTarget;
			buildConfigurationList = CA9C892C1E62B30900D3FE2A /* Build configuration list for PBXNativeTarget "ACYTableViewWrapperUITests" */;
			buildPhases = (
				CA9C89191E62B30900D3FE2A /* Sources */,
				CA9C891A1E62B30900D3FE2A /* Frameworks */,
				CA9C891B1E62B30900D3FE2A /* Resources */,
			);
			buildRules = (
			);
			dependencies = (
				CA9C891F1E62B30900D3FE2A /* PBXTargetDependency */,
			);
			name = ACYTableViewWrapperUITests;
			productName = ACYTableViewWrapperUITests;
			productReference = CA9C891D1E62B30900D3FE2A /* ACYTableViewWrapperUITests.xctest */;
			productType = "com.apple.product-type.bundle.ui-testing";
		};
/* End PBXNativeTarget section */

/* Begin PBXProject section */
		CA9C88F11E62B30900D3FE2A /* Project object */ = {
			isa = PBXProject;
			attributes = {
				LastUpgradeCheck = 0820;
				ORGANIZATIONNAME = CambriaYang;
				TargetAttributes = {
					CA9C88F81E62B30900D3FE2A = {
						CreatedOnToolsVersion = 8.2.1;
						ProvisioningStyle = Automatic;
					};
					CA9C89111E62B30900D3FE2A = {
						CreatedOnToolsVersion = 8.2.1;
						ProvisioningStyle = Automatic;
						TestTargetID = CA9C88F81E62B30900D3FE2A;
					};
					CA9C891C1E62B30900D3FE2A = {
						CreatedOnToolsVersion = 8.2.1;
						ProvisioningStyle = Automatic;
						TestTargetID = CA9C88F81E62B30900D3FE2A;
					};
				};
			};
			buildConfigurationList = CA9C88F41E62B30900D3FE2A /* Build configuration list for PBXProject "ACYTableViewWrapper" */;
			compatibilityVersion = "Xcode 3.2";
			developmentRegion = English;
			hasScannedForEncodings = 0;
			knownRegions = (
				en,
				Base,
			);
			mainGroup = CA9C88F01E62B30900D3FE2A;
			productRefGroup = CA9C88FA1E62B30900D3FE2A /* Products */;
			projectDirPath = "";
			projectRoot = "";
			targets = (
				CA9C88F81E62B30900D3FE2A /* ACYTableViewWrapper */,
				CA9C89111E62B30900D3FE2A /* ACYTableViewWrapperTests */,
				CA9C891C1E62B30900D3FE2A /* ACYTableViewWrapperUITests */,
			);
		};
/* End PBXProject section */

/* Begin PBXResourcesBuildPhase section */
		CA9C88F71E62B30900D3FE2A /* Resources */ = {
			isa = PBXResourcesBuildPhase;
			buildActionMask = 2147483647;
			files = (
				CA9C890C1E62B30900D3FE2A /* LaunchScreen.storyboard in Resources */,
				CA9C89091E62B30900D3FE2A /* Assets.xcassets in Resources */,
				CA9C89071E62B30900D3FE2A /* Main.storyboard in Resources */,
			);
			runOnlyForDeploymentPostprocessing = 0;
		};
		CA9C89101E62B30900D3FE2A /* Resources */ = {
			isa = PBXResourcesBuildPhase;
			buildActionMask = 2147483647;
			files = (
			);
			runOnlyForDeploymentPostprocessing = 0;
		};
		CA9C891B1E62B30900D3FE2A /* Resources */ = {
			isa = PBXResourcesBuildPhase;
			buildActionMask = 2147483647;
			files = (
			);
			runOnlyForDeploymentPostprocessing = 0;
		};
/* End PBXResourcesBuildPhase section */

/* Begin PBXShellScriptBuildPhase section */
		4DC96701AF211479A2C948F2 /* [CP] Check Pods Manifest.lock */ = {
			isa = PBXShellScriptBuildPhase;
			buildActionMask = 2147483647;
			files = (
			);
			inputPaths = (
			);
			name = "[CP] Check Pods Manifest.lock";
			outputPaths = (
			);
			runOnlyForDeploymentPostprocessing = 0;
			shellPath = /bin/sh;
			shellScript = "diff \"${PODS_ROOT}/../Podfile.lock\" \"${PODS_ROOT}/Manifest.lock\" > /dev/null\nif [ $? != 0 ] ; then\n    # print error to STDERR\n    echo \"error: The sandbox is not in sync with the Podfile.lock. Run 'pod install' or update your CocoaPods installation.\" >&2\n    exit 1\nfi\n";
			showEnvVarsInLog = 0;
		};
		988E49FB32789CCE2771D031 /* [CP] Embed Pods Frameworks */ = {
			isa = PBXShellScriptBuildPhase;
			buildActionMask = 2147483647;
			files = (
			);
			inputPaths = (
			);
			name = "[CP] Embed Pods Frameworks";
			outputPaths = (
			);
			runOnlyForDeploymentPostprocessing = 0;
			shellPath = /bin/sh;
			shellScript = "\"${SRCROOT}/Pods/Target Support Files/Pods-ACYTableViewWrapper/Pods-ACYTableViewWrapper-frameworks.sh\"\n";
			showEnvVarsInLog = 0;
		};
		D96164446C5936A2213621D9 /* [CP] Copy Pods Resources */ = {
			isa = PBXShellScriptBuildPhase;
			buildActionMask = 2147483647;
			files = (
			);
			inputPaths = (
			);
			name = "[CP] Copy Pods Resources";
			outputPaths = (
			);
			runOnlyForDeploymentPostprocessing = 0;
			shellPath = /bin/sh;
			shellScript = "\"${SRCROOT}/Pods/Target Support Files/Pods-ACYTableViewWrapper/Pods-ACYTableViewWrapper-resources.sh\"\n";
			showEnvVarsInLog = 0;
		};
/* End PBXShellScriptBuildPhase section */

/* Begin PBXSourcesBuildPhase section */
		CA9C88F51E62B30900D3FE2A /* Sources */ = {
			isa = PBXSourcesBuildPhase;
			buildActionMask = 2147483647;
			files = (
				CA9C89501E62B3CD00D3FE2A /* AnotherDemoTableRow.m in Sources */,
				CA9C89011E62B30900D3FE2A /* AppDelegate.m in Sources */,
				CA9C89511E62B3CD00D3FE2A /* DemoTableRow.m in Sources */,
				CA9C89451E62B3C400D3FE2A /* ACYTableView.m in Sources */,
				CA9C89521E62B3CD00D3FE2A /* DemoViewController.m in Sources */,
				CA9C89431E62B3C400D3FE2A /* ACYTableRow.m in Sources */,
				CA9C89441E62B3C400D3FE2A /* ACYTableSection.m in Sources */,
				CA9C89471E62B3C400D3FE2A /* ACYTableViewDataSource.m in Sources */,
				CA9C88FE1E62B30900D3FE2A /* main.m in Sources */,
				CA9C89411E62B3C400D3FE2A /* ACYBaseViewController.m in Sources */,
				CA9C89421E62B3C400D3FE2A /* ACYNode.m in Sources */,
				CA9C89461E62B3C400D3FE2A /* ACYTableViewController.m in Sources */,
				CA9C89481E62B3C400D3FE2A /* ACYTableViewDelegateProxy.m in Sources */,
			);
			runOnlyForDeploymentPostprocessing = 0;
		};
		CA9C890E1E62B30900D3FE2A /* Sources */ = {
			isa = PBXSourcesBuildPhase;
			buildActionMask = 2147483647;
			files = (
				CA9C89171E62B30900D3FE2A /* ACYTableViewWrapperTests.m in Sources */,
			);
			runOnlyForDeploymentPostprocessing = 0;
		};
		CA9C89191E62B30900D3FE2A /* Sources */ = {
			isa = PBXSourcesBuildPhase;
			buildActionMask = 2147483647;
			files = (
				CA9C89221E62B30900D3FE2A /* ACYTableViewWrapperUITests.m in Sources */,
			);
			runOnlyForDeploymentPostprocessing = 0;
		};
/* End PBXSourcesBuildPhase section */

/* Begin PBXTargetDependency section */
		CA9C89141E62B30900D3FE2A /* PBXTargetDependency */ = {
			isa = PBXTargetDependency;
			target = CA9C88F81E62B30900D3FE2A /* ACYTableViewWrapper */;
			targetProxy = CA9C89131E62B30900D3FE2A /* PBXContainerItemProxy */;
		};
		CA9C891F1E62B30900D3FE2A /* PBXTargetDependency */ = {
			isa = PBXTargetDependency;
			target = CA9C88F81E62B30900D3FE2A /* ACYTableViewWrapper */;
			targetProxy = CA9C891E1E62B30900D3FE2A /* PBXContainerItemProxy */;
		};
/* End PBXTargetDependency section */

/* Begin PBXVariantGroup section */
		CA9C89051E62B30900D3FE2A /* Main.storyboard */ = {
			isa = PBXVariantGroup;
			children = (
				CA9C89061E62B30900D3FE2A /* Base */,
			);
			name = Main.storyboard;
			sourceTree = "<group>";
		};
		CA9C890A1E62B30900D3FE2A /* LaunchScreen.storyboard */ = {
			isa = PBXVariantGroup;
			children = (
				CA9C890B1E62B30900D3FE2A /* Base */,
			);
			name = LaunchScreen.storyboard;
			sourceTree = "<group>";
		};
/* End PBXVariantGroup section */

/* Begin XCBuildConfiguration section */
		CA9C89241E62B30900D3FE2A /* Debug */ = {
			isa = XCBuildConfiguration;
			buildSettings = {
				ALWAYS_SEARCH_USER_PATHS = NO;
				CLANG_ANALYZER_NONNULL = YES;
				CLANG_CXX_LANGUAGE_STANDARD = "gnu++0x";
				CLANG_CXX_LIBRARY = "libc++";
				CLANG_ENABLE_MODULES = YES;
				CLANG_ENABLE_OBJC_ARC = YES;
				CLANG_WARN_BOOL_CONVERSION = YES;
				CLANG_WARN_CONSTANT_CONVERSION = YES;
				CLANG_WARN_DIRECT_OBJC_ISA_USAGE = YES_ERROR;
				CLANG_WARN_DOCUMENTATION_COMMENTS = YES;
				CLANG_WARN_EMPTY_BODY = YES;
				CLANG_WARN_ENUM_CONVERSION = YES;
				CLANG_WARN_INFINITE_RECURSION = YES;
				CLANG_WARN_INT_CONVERSION = YES;
				CLANG_WARN_OBJC_ROOT_CLASS = YES_ERROR;
				CLANG_WARN_SUSPICIOUS_MOVE = YES;
				CLANG_WARN_UNREACHABLE_CODE = YES;
				CLANG_WARN__DUPLICATE_METHOD_MATCH = YES;
				"CODE_SIGN_IDENTITY[sdk=iphoneos*]" = "iPhone Developer";
				COPY_PHASE_STRIP = NO;
				DEBUG_INFORMATION_FORMAT = dwarf;
				ENABLE_STRICT_OBJC_MSGSEND = YES;
				ENABLE_TESTABILITY = YES;
				GCC_C_LANGUAGE_STANDARD = gnu99;
				GCC_DYNAMIC_NO_PIC = NO;
				GCC_NO_COMMON_BLOCKS = YES;
				GCC_OPTIMIZATION_LEVEL = 0;
				GCC_PREPROCESSOR_DEFINITIONS = (
					"DEBUG=1",
					"$(inherited)",
				);
				GCC_WARN_64_TO_32_BIT_CONVERSION = YES;
				GCC_WARN_ABOUT_RETURN_TYPE = YES_ERROR;
				GCC_WARN_UNDECLARED_SELECTOR = YES;
				GCC_WARN_UNINITIALIZED_AUTOS = YES_AGGRESSIVE;
				GCC_WARN_UNUSED_FUNCTION = YES;
				GCC_WARN_UNUSED_VARIABLE = YES;
				IPHONEOS_DEPLOYMENT_TARGET = 7.0;
				MTL_ENABLE_DEBUG_INFO = YES;
				ONLY_ACTIVE_ARCH = YES;
				SDKROOT = iphoneos;
				TARGETED_DEVICE_FAMILY = "1,2";
				WARNING_CFLAGS = "-Wno-documentation";
			};
			name = Debug;
		};
		CA9C89251E62B30900D3FE2A /* Release */ = {
			isa = XCBuildConfiguration;
			buildSettings = {
				ALWAYS_SEARCH_USER_PATHS = NO;
				CLANG_ANALYZER_NONNULL = YES;
				CLANG_CXX_LANGUAGE_STANDARD = "gnu++0x";
				CLANG_CXX_LIBRARY = "libc++";
				CLANG_ENABLE_MODULES = YES;
				CLANG_ENABLE_OBJC_ARC = YES;
				CLANG_WARN_BOOL_CONVERSION = YES;
				CLANG_WARN_CONSTANT_CONVERSION = YES;
				CLANG_WARN_DIRECT_OBJC_ISA_USAGE = YES_ERROR;
				CLANG_WARN_DOCUMENTATION_COMMENTS = YES;
				CLANG_WARN_EMPTY_BODY = YES;
				CLANG_WARN_ENUM_CONVERSION = YES;
				CLANG_WARN_INFINITE_RECURSION = YES;
				CLANG_WARN_INT_CONVERSION = YES;
				CLANG_WARN_OBJC_ROOT_CLASS = YES_ERROR;
				CLANG_WARN_SUSPICIOUS_MOVE = YES;
				CLANG_WARN_UNREACHABLE_CODE = YES;
				CLANG_WARN__DUPLICATE_METHOD_MATCH = YES;
				"CODE_SIGN_IDENTITY[sdk=iphoneos*]" = "iPhone Developer";
				COPY_PHASE_STRIP = NO;
				DEBUG_INFORMATION_FORMAT = "dwarf-with-dsym";
				ENABLE_NS_ASSERTIONS = NO;
				ENABLE_STRICT_OBJC_MSGSEND = YES;
				GCC_C_LANGUAGE_STANDARD = gnu99;
				GCC_NO_COMMON_BLOCKS = YES;
				GCC_WARN_64_TO_32_BIT_CONVERSION = YES;
				GCC_WARN_ABOUT_RETURN_TYPE = YES_ERROR;
				GCC_WARN_UNDECLARED_SELECTOR = YES;
				GCC_WARN_UNINITIALIZED_AUTOS = YES_AGGRESSIVE;
				GCC_WARN_UNUSED_FUNCTION = YES;
				GCC_WARN_UNUSED_VARIABLE = YES;
				IPHONEOS_DEPLOYMENT_TARGET = 7.0;
				MTL_ENABLE_DEBUG_INFO = NO;
				SDKROOT = iphoneos;
				TARGETED_DEVICE_FAMILY = "1,2";
				VALIDATE_PRODUCT = YES;
				WARNING_CFLAGS = "-Wno-documentation";
			};
			name = Release;
		};
		CA9C89271E62B30900D3FE2A /* Debug */ = {
			isa = XCBuildConfiguration;
			baseConfigurationReference = BFC26D4E9C23AD0636DCCD0B /* Pods-ACYTableViewWrapper.debug.xcconfig */;
			buildSettings = {
				ASSETCATALOG_COMPILER_APPICON_NAME = AppIcon;
				INFOPLIST_FILE = ACYTableViewWrapper/Info.plist;
				LD_RUNPATH_SEARCH_PATHS = "$(inherited) @executable_path/Frameworks";
				PRODUCT_BUNDLE_IDENTIFIER = yeio.ACYTableViewWrapper;
				PRODUCT_NAME = "$(TARGET_NAME)";
			};
			name = Debug;
		};
		CA9C89281E62B30900D3FE2A /* Release */ = {
			isa = XCBuildConfiguration;
			baseConfigurationReference = 782EF932B2C219D41EFDC017 /* Pods-ACYTableViewWrapper.release.xcconfig */;
			buildSettings = {
				ASSETCATALOG_COMPILER_APPICON_NAME = AppIcon;
				INFOPLIST_FILE = ACYTableViewWrapper/Info.plist;
				LD_RUNPATH_SEARCH_PATHS = "$(inherited) @executable_path/Frameworks";
				PRODUCT_BUNDLE_IDENTIFIER = yeio.ACYTableViewWrapper;
				PRODUCT_NAME = "$(TARGET_NAME)";
			};
			name = Release;
		};
		CA9C892A1E62B30900D3FE2A /* Debug */ = {
			isa = XCBuildConfiguration;
			buildSettings = {
				BUNDLE_LOADER = "$(TEST_HOST)";
				INFOPLIST_FILE = ACYTableViewWrapperTests/Info.plist;
				LD_RUNPATH_SEARCH_PATHS = "$(inherited) @executable_path/Frameworks @loader_path/Frameworks";
				PRODUCT_BUNDLE_IDENTIFIER = yeio.ACYTableViewWrapperTests;
				PRODUCT_NAME = "$(TARGET_NAME)";
				TEST_HOST = "$(BUILT_PRODUCTS_DIR)/ACYTableViewWrapper.app/ACYTableViewWrapper";
			};
			name = Debug;
		};
		CA9C892B1E62B30900D3FE2A /* Release */ = {
			isa = XCBuildConfiguration;
			buildSettings = {
				BUNDLE_LOADER = "$(TEST_HOST)";
				INFOPLIST_FILE = ACYTableViewWrapperTests/Info.plist;
				LD_RUNPATH_SEARCH_PATHS = "$(inherited) @executable_path/Frameworks @loader_path/Frameworks";
				PRODUCT_BUNDLE_IDENTIFIER = yeio.ACYTableViewWrapperTests;
				PRODUCT_NAME = "$(TARGET_NAME)";
				TEST_HOST = "$(BUILT_PRODUCTS_DIR)/ACYTableViewWrapper.app/ACYTableViewWrapper";
			};
			name = Release;
		};
		CA9C892D1E62B30900D3FE2A /* Debug */ = {
			isa = XCBuildConfiguration;
			buildSettings = {
				INFOPLIST_FILE = ACYTableViewWrapperUITests/Info.plist;
				LD_RUNPATH_SEARCH_PATHS = "$(inherited) @executable_path/Frameworks @loader_path/Frameworks";
				PRODUCT_BUNDLE_IDENTIFIER = yeio.ACYTableViewWrapperUITests;
				PRODUCT_NAME = "$(TARGET_NAME)";
				TEST_TARGET_NAME = ACYTableViewWrapper;
			};
			name = Debug;
		};
		CA9C892E1E62B30900D3FE2A /* Release */ = {
			isa = XCBuildConfiguration;
			buildSettings = {
				INFOPLIST_FILE = ACYTableViewWrapperUITests/Info.plist;
				LD_RUNPATH_SEARCH_PATHS = "$(inherited) @executable_path/Frameworks @loader_path/Frameworks";
				PRODUCT_BUNDLE_IDENTIFIER = yeio.ACYTableViewWrapperUITests;
				PRODUCT_NAME = "$(TARGET_NAME)";
				TEST_TARGET_NAME = ACYTableViewWrapper;
			};
			name = Release;
		};
/* End XCBuildConfiguration section */

/* Begin XCConfigurationList section */
		CA9C88F41E62B30900D3FE2A /* Build configuration list for PBXProject "ACYTableViewWrapper" */ = {
			isa = XCConfigurationList;
			buildConfigurations = (
				CA9C89241E62B30900D3FE2A /* Debug */,
				CA9C89251E62B30900D3FE2A /* Release */,
			);
			defaultConfigurationIsVisible = 0;
			defaultConfigurationName = Release;
		};
		CA9C89261E62B30900D3FE2A /* Build configuration list for PBXNativeTarget "ACYTableViewWrapper" */ = {
			isa = XCConfigurationList;
			buildConfigurations = (
				CA9C89271E62B30900D3FE2A /* Debug */,
				CA9C89281E62B30900D3FE2A /* Release */,
			);
			defaultConfigurationIsVisible = 0;
			defaultConfigurationName = Release;
		};
		CA9C89291E62B30900D3FE2A /* Build configuration list for PBXNativeTarget "ACYTableViewWrapperTests" */ = {
			isa = XCConfigurationList;
			buildConfigurations = (
				CA9C892A1E62B30900D3FE2A /* Debug */,
				CA9C892B1E62B30900D3FE2A /* Release */,
			);
			defaultConfigurationIsVisible = 0;
			defaultConfigurationName = Release;
		};
		CA9C892C1E62B30900D3FE2A /* Build configuration list for PBXNativeTarget "ACYTableViewWrapperUITests" */ = {
			isa = XCConfigurationList;
			buildConfigurations = (
				CA9C892D1E62B30900D3FE2A /* Debug */,
				CA9C892E1E62B30900D3FE2A /* Release */,
			);
			defaultConfigurationIsVisible = 0;
			defaultConfigurationName = Release;
		};
/* End XCConfigurationList section */
	};
	rootObject = CA9C88F11E62B30900D3FE2A /* Project object */;
}
